PODS:
  - LZAddressPicker (1.0.0):
    - LZDependencyToolkit
  - LZDependencyToolkit (3.5.1):
    - LZDependencyToolkit/Category (= 3.5.1)
    - LZDependencyToolkit/Define (= 3.5.1)
    - LZDependencyToolkit/Object (= 3.5.1)
    - LZDependencyToolkit/Struct (= 3.5.1)
  - LZDependencyToolkit/Category (3.5.1):
    - MJRefresh
  - LZDependencyToolkit/Define (3.5.1)
  - LZDependencyToolkit/Object (3.5.1):
    - LZDependencyToolkit/Object/Proxy (= 3.5.1)
    - LZDependencyToolkit/Object/Thread (= 3.5.1)
    - LZDependencyToolkit/Object/Timer (= 3.5.1)
    - LZDependencyToolkit/Object/Transitioning (= 3.5.1)
  - LZDependencyToolkit/Object/Proxy (3.5.1)
  - LZDependencyToolkit/Object/Thread (3.5.1)
  - LZDependencyToolkit/Object/Timer (3.5.1)
  - LZDependencyToolkit/Object/Transitioning (3.5.1)
  - LZDependencyToolkit/Struct (3.5.1):
    - LZDependencyToolkit/Struct/AppUnit (= 3.5.1)
    - LZDependencyToolkit/Struct/CryptoUnit (= 3.5.1)
    - LZDependencyToolkit/Struct/DeviceUnit (= 3.5.1)
    - LZDependencyToolkit/Struct/QuickUnit (= 3.5.1)
  - LZDependencyToolkit/Struct/AppUnit (3.5.1)
  - LZDependencyToolkit/Struct/CryptoUnit (3.5.1)
  - LZDependencyToolkit/Struct/DeviceUnit (3.5.1):
    - LZDependencyToolkit/Struct/AppUnit
  - LZDependencyToolkit/Struct/QuickUnit (3.5.1):
    - LZDependencyToolkit/Struct/AppUnit
  - MJExtension (3.4.2)
  - MJRefresh (3.7.9)

DEPENDENCIES:
  - LZAddressPicker (from `../`)
  - MJExtension

SPEC REPOS:
  trunk:
    - LZDependencyToolkit
    - MJExtension
    - MJRefresh

EXTERNAL SOURCES:
  LZAddressPicker:
    :path: "../"

SPEC CHECKSUMS:
  LZAddressPicker: 3b6289e982312cf2e8b767b24a09b07d7b51e5d9
  LZDependencyToolkit: 54821eeea70667369fc47b54b60b09299c7dcb91
  MJExtension: e97d164cb411aa9795cf576093a1fa208b4a8dd8
  MJRefresh: ff9e531227924c84ce459338414550a05d2aea78

PODFILE CHECKSUM: d4c6bc8d683af82e88c26489c79492277c1ad8a7

COCOAPODS: 1.16.2
